// !$*UTF8*$!
{
	archiveVersion = 1;
	classes = {
	};
	objectVersion = 48;
	objects = {

/* Begin PBXBuildFile section */
		3C032D38204BD45E00646E11 /* AppDelegate.swift in Sources */ = {isa = PBXBuildFile; fileRef = 3C032D37204BD45E00646E11 /* AppDelegate.swift */; };
		3C032D3A204BD45E00646E11 /* CityViewController.swift in Sources */ = {isa = PBXBuildFile; fileRef = 3C032D39204BD45E00646E11 /* CityViewController.swift */; };
		3C032D3D204BD45E00646E11 /* Main.storyboard in Resources */ = {isa = PBXBuildFile; fileRef = 3C032D3B204BD45E00646E11 /* Main.storyboard */; };
		3C032D3F204BD45E00646E11 /* Assets.xcassets in Resources */ = {isa = PBXBuildFile; fileRef = 3C032D3E204BD45E00646E11 /* Assets.xcassets */; };
		3C032D42204BD45E00646E11 /* LaunchScreen.storyboard in Resources */ = {isa = PBXBuildFile; fileRef = 3C032D40204BD45E00646E11 /* LaunchScreen.storyboard */; };
		3C032D4A204BD8F500646E11 /* LoginViewController.swift in Sources */ = {isa = PBXBuildFile; fileRef = 3C032D49204BD8F500646E11 /* LoginViewController.swift */; };
		3C3CF804204BE7A900C78DF4 /* GoogleService-Info.plist in Resources */ = {isa = PBXBuildFile; fileRef = 3C3CF803204BE7A900C78DF4 /* GoogleService-Info.plist */; };
		3C3CF806204C1D8C00C78DF4 /* FavoritesTableViewController.swift in Sources */ = {isa = PBXBuildFile; fileRef = 3C3CF805204C1D8C00C78DF4 /* FavoritesTableViewController.swift */; };
		3C3CF808204C1D9B00C78DF4 /* AllTableViewController.swift in Sources */ = {isa = PBXBuildFile; fileRef = 3C3CF807204C1D9B00C78DF4 /* AllTableViewController.swift */; };
		3C3CF80A204C1E9100C78DF4 /* Ramenya.swift in Sources */ = {isa = PBXBuildFile; fileRef = 3C3CF809204C1E9100C78DF4 /* Ramenya.swift */; };
		3C3CF80C204C1F2000C78DF4 /* Constants.swift in Sources */ = {isa = PBXBuildFile; fileRef = 3C3CF80B204C1F2000C78DF4 /* Constants.swift */; };
		3CA14D8E204FBCBA0092EE89 /* Serializable.swift in Sources */ = {isa = PBXBuildFile; fileRef = 3CA14D8D204FBCBA0092EE89 /* Serializable.swift */; };
		3CBDA7EF204EA7B500FE61A2 /* TableViewCell.swift in Sources */ = {isa = PBXBuildFile; fileRef = 3CBDA7EE204EA7B500FE61A2 /* TableViewCell.swift */; };
		96011BEB2E7C2B97AF958AE9 /* Pods_MyRamenya.framework in Frameworks */ = {isa = PBXBuildFile; fileRef = FE7F2437F9AA54617C849B82 /* Pods_MyRamenya.framework */; };
/* End PBXBuildFile section */

/* Begin PBXFileReference section */
		1EA5CC923A022B62F0919FE2 /* Pods-MyRamenya.debug.xcconfig */ = {isa = PBXFileReference; includeInIndex = 1; lastKnownFileType = text.xcconfig; name = "Pods-MyRamenya.debug.xcconfig"; path = "Pods/Target Support Files/Pods-MyRamenya/Pods-MyRamenya.debug.xcconfig"; sourceTree = "<group>"; };
		3C032D34204BD45E00646E11 /* MyRamenya.app */ = {isa = PBXFileReference; explicitFileType = wrapper.application; includeInIndex = 0; path = MyRamenya.app; sourceTree = BUILT_PRODUCTS_DIR; };
		3C032D37204BD45E00646E11 /* AppDelegate.swift */ = {isa = PBXFileReference; lastKnownFileType = sourcecode.swift; path = AppDelegate.swift; sourceTree = "<group>"; };
		3C032D39204BD45E00646E11 /* CityViewController.swift */ = {isa = PBXFileReference; lastKnownFileType = sourcecode.swift; path = CityViewController.swift; sourceTree = "<group>"; };
		3C032D3C204BD45E00646E11 /* Base */ = {isa = PBXFileReference; lastKnownFileType = file.storyboard; name = Base; path = Base.lproj/Main.storyboard; sourceTree = "<group>"; };
		3C032D3E204BD45E00646E11 /* Assets.xcassets */ = {isa = PBXFileReference; lastKnownFileType = folder.assetcatalog; path = Assets.xcassets; sourceTree = "<group>"; };
		3C032D41204BD45E00646E11 /* Base */ = {isa = PBXFileReference; lastKnownFileType = file.storyboard; name = Base; path = Base.lproj/LaunchScreen.storyboard; sourceTree = "<group>"; };
		3C032D43204BD45E00646E11 /* Info.plist */ = {isa = PBXFileReference; lastKnownFileType = text.plist.xml; path = Info.plist; sourceTree = "<group>"; };
		3C032D49204BD8F500646E11 /* LoginViewController.swift */ = {isa = PBXFileReference; lastKnownFileType = sourcecode.swift; path = LoginViewController.swift; sourceTree = "<group>"; };
		3C3CF803204BE7A900C78DF4 /* GoogleService-Info.plist */ = {isa = PBXFileReference; fileEncoding = 4; lastKnownFileType = text.plist.xml; path = "GoogleService-Info.plist"; sourceTree = "<group>"; };
		3C3CF805204C1D8C00C78DF4 /* FavoritesTableViewController.swift */ = {isa = PBXFileReference; lastKnownFileType = sourcecode.swift; path = FavoritesTableViewController.swift; sourceTree = "<group>"; };
		3C3CF807204C1D9B00C78DF4 /* AllTableViewController.swift */ = {isa = PBXFileReference; lastKnownFileType = sourcecode.swift; path = AllTableViewController.swift; sourceTree = "<group>"; };
		3C3CF809204C1E9100C78DF4 /* Ramenya.swift */ = {isa = PBXFileReference; lastKnownFileType = sourcecode.swift; path = Ramenya.swift; sourceTree = "<group>"; };
		3C3CF80B204C1F2000C78DF4 /* Constants.swift */ = {isa = PBXFileReference; lastKnownFileType = sourcecode.swift; path = Constants.swift; sourceTree = "<group>"; };
		3CA14D8D204FBCBA0092EE89 /* Serializable.swift */ = {isa = PBXFileReference; lastKnownFileType = sourcecode.swift; path = Serializable.swift; sourceTree = "<group>"; };
		3CBDA7EE204EA7B500FE61A2 /* TableViewCell.swift */ = {isa = PBXFileReference; lastKnownFileType = sourcecode.swift; path = TableViewCell.swift; sourceTree = "<group>"; };
		571CB42B9883D4EA75B5F2DE /* Pods-MyRamenya.release.xcconfig */ = {isa = PBXFileReference; includeInIndex = 1; lastKnownFileType = text.xcconfig; name = "Pods-MyRamenya.release.xcconfig"; path = "Pods/Target Support Files/Pods-MyRamenya/Pods-MyRamenya.release.xcconfig"; sourceTree = "<group>"; };
		FE7F2437F9AA54617C849B82 /* Pods_MyRamenya.framework */ = {isa = PBXFileReference; explicitFileType = wrapper.framework; includeInIndex = 0; path = Pods_MyRamenya.framework; sourceTree = BUILT_PRODUCTS_DIR; };
/* End PBXFileReference section */

/* Begin PBXFrameworksBuildPhase section */
		3C032D31204BD45E00646E11 /* Frameworks */ = {
			isa = PBXFrameworksBuildPhase;
			buildActionMask = 2147483647;
			files = (
				96011BEB2E7C2B97AF958AE9 /* Pods_MyRamenya.framework in Frameworks */,
			);
			runOnlyForDeploymentPostprocessing = 0;
		};
/* End PBXFrameworksBuildPhase section */

/* Begin PBXGroup section */
		18C075B3BC4FD20E8E090A5B /* Pods */ = {
			isa = PBXGroup;
			children = (
				1EA5CC923A022B62F0919FE2 /* Pods-MyRamenya.debug.xcconfig */,
				571CB42B9883D4EA75B5F2DE /* Pods-MyRamenya.release.xcconfig */,
			);
			name = Pods;
			sourceTree = "<group>";
		};
		3C032D2B204BD45E00646E11 = {
			isa = PBXGroup;
			children = (
				3C032D36204BD45E00646E11 /* MyRamenya */,
				3C032D35204BD45E00646E11 /* Products */,
				18C075B3BC4FD20E8E090A5B /* Pods */,
				42E128CFA4EC22FF9EBBA9EE /* Frameworks */,
			);
			sourceTree = "<group>";
		};
		3C032D35204BD45E00646E11 /* Products */ = {
			isa = PBXGroup;
			children = (
				3C032D34204BD45E00646E11 /* MyRamenya.app */,
			);
			name = Products;
			sourceTree = "<group>";
		};
		3C032D36204BD45E00646E11 /* MyRamenya */ = {
			isa = PBXGroup;
			children = (
				3C032D37204BD45E00646E11 /* AppDelegate.swift */,
				3C3CF809204C1E9100C78DF4 /* Ramenya.swift */,
				3C3CF80B204C1F2000C78DF4 /* Constants.swift */,
				3C032D4B204BDC0C00646E11 /* Controllers */,
				3C032D3B204BD45E00646E11 /* Main.storyboard */,
				3C032D3E204BD45E00646E11 /* Assets.xcassets */,
				3C032D40204BD45E00646E11 /* LaunchScreen.storyboard */,
				3C032D43204BD45E00646E11 /* Info.plist */,
				3C3CF803204BE7A900C78DF4 /* GoogleService-Info.plist */,
				3CA14D8D204FBCBA0092EE89 /* Serializable.swift */,
			);
			path = MyRamenya;
			sourceTree = "<group>";
		};
		3C032D4B204BDC0C00646E11 /* Controllers */ = {
			isa = PBXGroup;
			children = (
				3C032D39204BD45E00646E11 /* CityViewController.swift */,
				3C032D49204BD8F500646E11 /* LoginViewController.swift */,
				3C3CF807204C1D9B00C78DF4 /* AllTableViewController.swift */,
				3C3CF805204C1D8C00C78DF4 /* FavoritesTableViewController.swift */,
				3CBDA7EE204EA7B500FE61A2 /* TableViewCell.swift */,
			);
			path = Controllers;
			sourceTree = "<group>";
		};
		42E128CFA4EC22FF9EBBA9EE /* Frameworks */ = {
			isa = PBXGroup;
			children = (
				FE7F2437F9AA54617C849B82 /* Pods_MyRamenya.framework */,
			);
			name = Frameworks;
			sourceTree = "<group>";
		};
/* End PBXGroup section */

/* Begin PBXNativeTarget section */
		3C032D33204BD45E00646E11 /* MyRamenya */ = {
			isa = PBXNativeTarget;
			buildConfigurationList = 3C032D46204BD45E00646E11 /* Build configuration list for PBXNativeTarget "MyRamenya" */;
			buildPhases = (
				9688E81485366A47B789D5EA /* [CP] Check Pods Manifest.lock */,
				3C032D30204BD45E00646E11 /* Sources */,
				3C032D31204BD45E00646E11 /* Frameworks */,
				3C032D32204BD45E00646E11 /* Resources */,
				F6CC991405A566EE4EAD6507 /* [CP] Embed Pods Frameworks */,
				BBF81F1A2ECB45E6C797C88A /* [CP] Copy Pods Resources */,
			);
			buildRules = (
			);
			dependencies = (
			);
			name = MyRamenya;
			productName = MyRamenya;
			productReference = 3C032D34204BD45E00646E11 /* MyRamenya.app */;
			productType = "com.apple.product-type.application";
		};
/* End PBXNativeTarget section */

/* Begin PBXProject section */
		3C032D2C204BD45E00646E11 /* Project object */ = {
			isa = PBXProject;
			attributes = {
				LastSwiftUpdateCheck = 0920;
				LastUpgradeCheck = 0920;
				ORGANIZATIONNAME = Ramen;
				TargetAttributes = {
					3C032D33204BD45E00646E11 = {
						CreatedOnToolsVersion = 9.2;
						ProvisioningStyle = Automatic;
					};
				};
			};
			buildConfigurationList = 3C032D2F204BD45E00646E11 /* Build configuration list for PBXProject "MyRamenya" */;
			compatibilityVersion = "Xcode 8.0";
			developmentRegion = en;
			hasScannedForEncodings = 0;
			knownRegions = (
				en,
				Base,
			);
			mainGroup = 3C032D2B204BD45E00646E11;
			productRefGroup = 3C032D35204BD45E00646E11 /* Products */;
			projectDirPath = "";
			projectRoot = "";
			targets = (
				3C032D33204BD45E00646E11 /* MyRamenya */,
			);
		};
/* End PBXProject section */

/* Begin PBXResourcesBuildPhase section */
		3C032D32204BD45E00646E11 /* Resources */ = {
			isa = PBXResourcesBuildPhase;
			buildActionMask = 2147483647;
			files = (
				3C032D42204BD45E00646E11 /* LaunchScreen.storyboard in Resources */,
				3C3CF804204BE7A900C78DF4 /* GoogleService-Info.plist in Resources */,
				3C032D3F204BD45E00646E11 /* Assets.xcassets in Resources */,
				3C032D3D204BD45E00646E11 /* Main.storyboard in Resources */,
			);
			runOnlyForDeploymentPostprocessing = 0;
		};
/* End PBXResourcesBuildPhase section */

/* Begin PBXShellScriptBuildPhase section */
		9688E81485366A47B789D5EA /* [CP] Check Pods Manifest.lock */ = {
			isa = PBXShellScriptBuildPhase;
			buildActionMask = 2147483647;
			files = (
			);
			inputPaths = (
				"${PODS_PODFILE_DIR_PATH}/Podfile.lock",
				"${PODS_ROOT}/Manifest.lock",
			);
			name = "[CP] Check Pods Manifest.lock";
			outputPaths = (
				"$(DERIVED_FILE_DIR)/Pods-MyRamenya-checkManifestLockResult.txt",
			);
			runOnlyForDeploymentPostprocessing = 0;
			shellPath = /bin/sh;
			shellScript = "diff \"${PODS_PODFILE_DIR_PATH}/Podfile.lock\" \"${PODS_ROOT}/Manifest.lock\" > /dev/null\nif [ $? != 0 ] ; then\n    # print error to STDERR\n    echo \"error: The sandbox is not in sync with the Podfile.lock. Run 'pod install' or update your CocoaPods installation.\" >&2\n    exit 1\nfi\n# This output is used by Xcode 'outputs' to avoid re-running this script phase.\necho \"SUCCESS\" > \"${SCRIPT_OUTPUT_FILE_0}\"\n";
			showEnvVarsInLog = 0;
		};
		BBF81F1A2ECB45E6C797C88A /* [CP] Copy Pods Resources */ = {
			isa = PBXShellScriptBuildPhase;
			buildActionMask = 2147483647;
			files = (
			);
			inputPaths = (
				"${SRCROOT}/Pods/Target Support Files/Pods-MyRamenya/Pods-MyRamenya-resources.sh",
				$PODS_CONFIGURATION_BUILD_DIR/FirebaseUI/FirebaseAuthUI.bundle,
				$PODS_CONFIGURATION_BUILD_DIR/FirebaseUI/FirebaseFacebookAuthUI.bundle,
				"${PODS_ROOT}/GooglePlaces/Frameworks/GooglePlaces.framework/Resources/GooglePlaces.bundle",
			);
			name = "[CP] Copy Pods Resources";
			outputPaths = (
				"${TARGET_BUILD_DIR}/${UNLOCALIZED_RESOURCES_FOLDER_PATH}",
			);
			runOnlyForDeploymentPostprocessing = 0;
			shellPath = /bin/sh;
			shellScript = "\"${SRCROOT}/Pods/Target Support Files/Pods-MyRamenya/Pods-MyRamenya-resources.sh\"\n";
			showEnvVarsInLog = 0;
		};
		F6CC991405A566EE4EAD6507 /* [CP] Embed Pods Frameworks */ = {
			isa = PBXShellScriptBuildPhase;
			buildActionMask = 2147483647;
			files = (
			);
			inputPaths = (
				"${SRCROOT}/Pods/Target Support Files/Pods-MyRamenya/Pods-MyRamenya-frameworks.sh",
				"${BUILT_PRODUCTS_DIR}/Alamofire/Alamofire.framework",
				"${BUILT_PRODUCTS_DIR}/AlamofireImage/AlamofireImage.framework",
				"${BUILT_PRODUCTS_DIR}/Bolts/Bolts.framework",
				"${BUILT_PRODUCTS_DIR}/FBSDKCoreKit/FBSDKCoreKit.framework",
				"${BUILT_PRODUCTS_DIR}/FBSDKLoginKit/FBSDKLoginKit.framework",
				"${BUILT_PRODUCTS_DIR}/FBSDKShareKit/FBSDKShareKit.framework",
				"${BUILT_PRODUCTS_DIR}/FacebookCore/FacebookCore.framework",
				"${BUILT_PRODUCTS_DIR}/FacebookLogin/FacebookLogin.framework",
				"${BUILT_PRODUCTS_DIR}/FacebookShare/FacebookShare.framework",
				"${BUILT_PRODUCTS_DIR}/GTMSessionFetcher/GTMSessionFetcher.framework",
				"${BUILT_PRODUCTS_DIR}/GoogleToolboxForMac/GoogleToolboxForMac.framework",
				"${BUILT_PRODUCTS_DIR}/leveldb-library/leveldb.framework",
				"${BUILT_PRODUCTS_DIR}/nanopb/nanopb.framework",
			);
			name = "[CP] Embed Pods Frameworks";
			outputPaths = (
				"${TARGET_BUILD_DIR}/${FRAMEWORKS_FOLDER_PATH}/Alamofire.framework",
				"${TARGET_BUILD_DIR}/${FRAMEWORKS_FOLDER_PATH}/AlamofireImage.framework",
				"${TARGET_BUILD_DIR}/${FRAMEWORKS_FOLDER_PATH}/Bolts.framework",
				"${TARGET_BUILD_DIR}/${FRAMEWORKS_FOLDER_PATH}/FBSDKCoreKit.framework",
				"${TARGET_BUILD_DIR}/${FRAMEWORKS_FOLDER_PATH}/FBSDKLoginKit.framework",
				"${TARGET_BUILD_DIR}/${FRAMEWORKS_FOLDER_PATH}/FBSDKShareKit.framework",
				"${TARGET_BUILD_DIR}/${FRAMEWORKS_FOLDER_PATH}/FacebookCore.framework",
				"${TARGET_BUILD_DIR}/${FRAMEWORKS_FOLDER_PATH}/FacebookLogin.framework",
				"${TARGET_BUILD_DIR}/${FRAMEWORKS_FOLDER_PATH}/FacebookShare.framework",
				"${TARGET_BUILD_DIR}/${FRAMEWORKS_FOLDER_PATH}/GTMSessionFetcher.framework",
				"${TARGET_BUILD_DIR}/${FRAMEWORKS_FOLDER_PATH}/GoogleToolboxForMac.framework",
				"${TARGET_BUILD_DIR}/${FRAMEWORKS_FOLDER_PATH}/leveldb.framework",
				"${TARGET_BUILD_DIR}/${FRAMEWORKS_FOLDER_PATH}/nanopb.framework",
			);
			runOnlyForDeploymentPostprocessing = 0;
			shellPath = /bin/sh;
			shellScript = "\"${SRCROOT}/Pods/Target Support Files/Pods-MyRamenya/Pods-MyRamenya-frameworks.sh\"\n";
			showEnvVarsInLog = 0;
		};
/* End PBXShellScriptBuildPhase section */

/* Begin PBXSourcesBuildPhase section */
		3C032D30204BD45E00646E11 /* Sources */ = {
			isa = PBXSourcesBuildPhase;
			buildActionMask = 2147483647;
			files = (
				3C3CF808204C1D9B00C78DF4 /* AllTableViewController.swift in Sources */,
				3CBDA7EF204EA7B500FE61A2 /* TableViewCell.swift in Sources */,
				3C032D4A204BD8F500646E11 /* LoginViewController.swift in Sources */,
				3CA14D8E204FBCBA0092EE89 /* Serializable.swift in Sources */,
				3C032D3A204BD45E00646E11 /* CityViewController.swift in Sources */,
				3C032D38204BD45E00646E11 /* AppDelegate.swift in Sources */,
				3C3CF80C204C1F2000C78DF4 /* Constants.swift in Sources */,
				3C3CF806204C1D8C00C78DF4 /* FavoritesTableViewController.swift in Sources */,
				3C3CF80A204C1E9100C78DF4 /* Ramenya.swift in Sources */,
			);
			runOnlyForDeploymentPostprocessing = 0;
		};
/* End PBXSourcesBuildPhase section */

/* Begin PBXVariantGroup section */
		3C032D3B204BD45E00646E11 /* Main.storyboard */ = {
			isa = PBXVariantGroup;
			children = (
				3C032D3C204BD45E00646E11 /* Base */,
			);
			name = Main.storyboard;
			sourceTree = "<group>";
		};
		3C032D40204BD45E00646E11 /* LaunchScreen.storyboard */ = {
			isa = PBXVariantGroup;
			children = (
				3C032D41204BD45E00646E11 /* Base */,
			);
			name = LaunchScreen.storyboard;
			sourceTree = "<group>";
		};
/* End PBXVariantGroup section */

/* Begin XCBuildConfiguration section */
		3C032D44204BD45E00646E11 /* Debug */ = {
			isa = XCBuildConfiguration;
			buildSettings = {
				ALWAYS_SEARCH_USER_PATHS = NO;
				CLANG_ANALYZER_NONNULL = YES;
				CLANG_ANALYZER_NUMBER_OBJECT_CONVERSION = YES_AGGRESSIVE;
				CLANG_CXX_LANGUAGE_STANDARD = "gnu++14";
				CLANG_CXX_LIBRARY = "libc++";
				CLANG_ENABLE_MODULES = YES;
				CLANG_ENABLE_OBJC_ARC = YES;
				CLANG_WARN_BLOCK_CAPTURE_AUTORELEASING = YES;
				CLANG_WARN_BOOL_CONVERSION = YES;
				CLANG_WARN_COMMA = YES;
				CLANG_WARN_CONSTANT_CONVERSION = YES;
				CLANG_WARN_DIRECT_OBJC_ISA_USAGE = YES_ERROR;
				CLANG_WARN_DOCUMENTATION_COMMENTS = YES;
				CLANG_WARN_EMPTY_BODY = YES;
				CLANG_WARN_ENUM_CONVERSION = YES;
				CLANG_WARN_INFINITE_RECURSION = YES;
				CLANG_WARN_INT_CONVERSION = YES;
				CLANG_WARN_NON_LITERAL_NULL_CONVERSION = YES;
				CLANG_WARN_OBJC_LITERAL_CONVERSION = YES;
				CLANG_WARN_OBJC_ROOT_CLASS = YES_ERROR;
				CLANG_WARN_RANGE_LOOP_ANALYSIS = YES;
				CLANG_WARN_STRICT_PROTOTYPES = YES;
				CLANG_WARN_SUSPICIOUS_MOVE = YES;
				CLANG_WARN_UNGUARDED_AVAILABILITY = YES_AGGRESSIVE;
				CLANG_WARN_UNREACHABLE_CODE = YES;
				CLANG_WARN__DUPLICATE_METHOD_MATCH = YES;
				CODE_SIGN_IDENTITY = "iPhone Developer";
				COPY_PHASE_STRIP = NO;
				DEBUG_INFORMATION_FORMAT = dwarf;
				ENABLE_STRICT_OBJC_MSGSEND = YES;
				ENABLE_TESTABILITY = YES;
				GCC_C_LANGUAGE_STANDARD = gnu11;
				GCC_DYNAMIC_NO_PIC = NO;
				GCC_NO_COMMON_BLOCKS = YES;
				GCC_OPTIMIZATION_LEVEL = 0;
				GCC_PREPROCESSOR_DEFINITIONS = (
					"DEBUG=1",
					"$(inherited)",
				);
				GCC_WARN_64_TO_32_BIT_CONVERSION = YES;
				GCC_WARN_ABOUT_RETURN_TYPE = YES_ERROR;
				GCC_WARN_UNDECLARED_SELECTOR = YES;
				GCC_WARN_UNINITIALIZED_AUTOS = YES_AGGRESSIVE;
				GCC_WARN_UNUSED_FUNCTION = YES;
				GCC_WARN_UNUSED_VARIABLE = YES;
				IPHONEOS_DEPLOYMENT_TARGET = 11.2;
				MTL_ENABLE_DEBUG_INFO = YES;
				ONLY_ACTIVE_ARCH = YES;
				SDKROOT = iphoneos;
				SWIFT_ACTIVE_COMPILATION_CONDITIONS = DEBUG;
				SWIFT_OPTIMIZATION_LEVEL = "-Onone";
			};
			name = Debug;
		};
		3C032D45204BD45E00646E11 /* Release */ = {
			isa = XCBuildConfiguration;
			buildSettings = {
				ALWAYS_SEARCH_USER_PATHS = NO;
				CLANG_ANALYZER_NONNULL = YES;
				CLANG_ANALYZER_NUMBER_OBJECT_CONVERSION = YES_AGGRESSIVE;
				CLANG_CXX_LANGUAGE_STANDARD = "gnu++14";
				CLANG_CXX_LIBRARY = "libc++";
				CLANG_ENABLE_MODULES = YES;
				CLANG_ENABLE_OBJC_ARC = YES;
				CLANG_WARN_BLOCK_CAPTURE_AUTORELEASING = YES;
				CLANG_WARN_BOOL_CONVERSION = YES;
				CLANG_WARN_COMMA = YES;
				CLANG_WARN_CONSTANT_CONVERSION = YES;
				CLANG_WARN_DIRECT_OBJC_ISA_USAGE = YES_ERROR;
				CLANG_WARN_DOCUMENTATION_COMMENTS = YES;
				CLANG_WARN_EMPTY_BODY = YES;
				CLANG_WARN_ENUM_CONVERSION = YES;
				CLANG_WARN_INFINITE_RECURSION = YES;
				CLANG_WARN_INT_CONVERSION = YES;
				CLANG_WARN_NON_LITERAL_NULL_CONVERSION = YES;
				CLANG_WARN_OBJC_LITERAL_CONVERSION = YES;
				CLANG_WARN_OBJC_ROOT_CLASS = YES_ERROR;
				CLANG_WARN_RANGE_LOOP_ANALYSIS = YES;
				CLANG_WARN_STRICT_PROTOTYPES = YES;
				CLANG_WARN_SUSPICIOUS_MOVE = YES;
				CLANG_WARN_UNGUARDED_AVAILABILITY = YES_AGGRESSIVE;
				CLANG_WARN_UNREACHABLE_CODE = YES;
				CLANG_WARN__DUPLICATE_METHOD_MATCH = YES;
				CODE_SIGN_IDENTITY = "iPhone Developer";
				COPY_PHASE_STRIP = NO;
				DEBUG_INFORMATION_FORMAT = "dwarf-with-dsym";
				ENABLE_NS_ASSERTIONS = NO;
				ENABLE_STRICT_OBJC_MSGSEND = YES;
				GCC_C_LANGUAGE_STANDARD = gnu11;
				GCC_NO_COMMON_BLOCKS = YES;
				GCC_WARN_64_TO_32_BIT_CONVERSION = YES;
				GCC_WARN_ABOUT_RETURN_TYPE = YES_ERROR;
				GCC_WARN_UNDECLARED_SELECTOR = YES;
				GCC_WARN_UNINITIALIZED_AUTOS = YES_AGGRESSIVE;
				GCC_WARN_UNUSED_FUNCTION = YES;
				GCC_WARN_UNUSED_VARIABLE = YES;
				IPHONEOS_DEPLOYMENT_TARGET = 11.2;
				MTL_ENABLE_DEBUG_INFO = NO;
				SDKROOT = iphoneos;
				SWIFT_OPTIMIZATION_LEVEL = "-Owholemodule";
				VALIDATE_PRODUCT = YES;
			};
			name = Release;
		};
		3C032D47204BD45E00646E11 /* Debug */ = {
			isa = XCBuildConfiguration;
			baseConfigurationReference = 1EA5CC923A022B62F0919FE2 /* Pods-MyRamenya.debug.xcconfig */;
			buildSettings = {
				ASSETCATALOG_COMPILER_APPICON_NAME = AppIcon;
				CODE_SIGN_STYLE = Automatic;
				DEVELOPMENT_TEAM = KFNAAK48FE;
				INFOPLIST_FILE = MyRamenya/Info.plist;
				LD_RUNPATH_SEARCH_PATHS = "$(inherited) @executable_path/Frameworks";
				PRODUCT_BUNDLE_IDENTIFIER = com.ramen.MyRamenya;
				PRODUCT_NAME = "$(TARGET_NAME)";
				SWIFT_VERSION = 4.0;
				TARGETED_DEVICE_FAMILY = "1,2";
			};
			name = Debug;
		};
		3C032D48204BD45E00646E11 /* Release */ = {
			isa = XCBuildConfiguration;
			baseConfigurationReference = 571CB42B9883D4EA75B5F2DE /* Pods-MyRamenya.release.xcconfig */;
			buildSettings = {
				ASSETCATALOG_COMPILER_APPICON_NAME = AppIcon;
				CODE_SIGN_STYLE = Automatic;
				DEVELOPMENT_TEAM = KFNAAK48FE;
				INFOPLIST_FILE = MyRamenya/Info.plist;
				LD_RUNPATH_SEARCH_PATHS = "$(inherited) @executable_path/Frameworks";
				PRODUCT_BUNDLE_IDENTIFIER = com.ramen.MyRamenya;
				PRODUCT_NAME = "$(TARGET_NAME)";
				SWIFT_VERSION = 4.0;
				TARGETED_DEVICE_FAMILY = "1,2";
			};
			name = Release;
		};
/* End XCBuildConfiguration section */

/* Begin XCConfigurationList section */
		3C032D2F204BD45E00646E11 /* Build configuration list for PBXProject "MyRamenya" */ = {
			isa = XCConfigurationList;
			buildConfigurations = (
				3C032D44204BD45E00646E11 /* Debug */,
				3C032D45204BD45E00646E11 /* Release */,
			);
			defaultConfigurationIsVisible = 0;
			defaultConfigurationName = Release;
		};
		3C032D46204BD45E00646E11 /* Build configuration list for PBXNativeTarget "MyRamenya" */ = {
			isa = XCConfigurationList;
			buildConfigurations = (
				3C032D47204BD45E00646E11 /* Debug */,
				3C032D48204BD45E00646E11 /* Release */,
			);
			defaultConfigurationIsVisible = 0;
			defaultConfigurationName = Release;
		};
/* End XCConfigurationList section */
	};
	rootObject = 3C032D2C204BD45E00646E11 /* Project object */;
}
